
Microsoft Visual Studio Solution File, Format Version 12.00
# Visual Studio Version 16
VisualStudioVersion = 16.0.29311.281
MinimumVisualStudioVersion = 10.0.40219.1
Project("{2150E333-8FDC-42A3-9474-1A3956D46DE8}") = "src", "src", "{D5E9F3D6-129D-4DF4-993A-5AEB3DDE1A2F}"
EndProject
Project("{9A19103F-16F7-4668-BE54-9A1E7A4F7556}") = "Common", "src\Common\Common.csproj", "{88EDE0CB-EC9B-44FF-BF04-A6F7CF0729CE}"
EndProject
Project("{9A19103F-16F7-4668-BE54-9A1E7A4F7556}") = "Domain", "src\Domain\Domain.csproj", "{4A8AACD7-6153-486B-95A2-DCB191A285DC}"
EndProject
Project("{9A19103F-16F7-4668-BE54-9A1E7A4F7556}") = "LoggerService", "src\LoggerService\LoggerService.csproj", "{B71D074D-31C8-476A-8533-AC60981DADB4}"
EndProject
Project("{9A19103F-16F7-4668-BE54-9A1E7A4F7556}") = "NetCore3Test", "src\NetCore3Test\NetCore3Test.csproj", "{81ADDB40-070E-4A0A-BF2A-72563095B6D2}"
EndProject
Project("{9A19103F-16F7-4668-BE54-9A1E7A4F7556}") = "Persistence", "src\Persistence\Persistence.csproj", "{54348F1F-5273-409F-AF90-DC2610A07E33}"
EndProject
Project("{9A19103F-16F7-4668-BE54-9A1E7A4F7556}") = "Service", "src\Service\Service.csproj", "{B773E9D2-CBB0-473E-851F-A014F95DFC5F}"
EndProject
Project("{2150E333-8FDC-42A3-9474-1A3956D46DE8}") = "tests", "tests", "{AF7E101B-443B-477E-AA8A-07F24F87CB2F}"
EndProject
Project("{2150E333-8FDC-42A3-9474-1A3956D46DE8}") = "Solution Items", "Solution Items", "{685DD67B-F47A-4AE6-829D-CD71C050E221}"
	ProjectSection(SolutionItems) = preProject
		.editorconfig = .editorconfig
		.gitignore = .gitignore
		Readme.md = Readme.md
	EndProjectSection
EndProject
Project("{FAE04EC0-301F-11D3-BF4B-00C04F79EFBC}") = "Domain.UnitTests", "Domain.UnitTests\Domain.UnitTests.csproj", "{87D65369-C527-4E58-950C-107CFEAA499C}"
EndProject
Project("{FAE04EC0-301F-11D3-BF4B-00C04F79EFBC}") = "Service.UnitTests", "Service.UnitTests\Service.UnitTests.csproj", "{769E2D68-EBCA-45E1-86DD-08A53C6AF19D}"
EndProject
Project("{FAE04EC0-301F-11D3-BF4B-00C04F79EFBC}") = "API.UnitTests", "API.UnitTests\API.UnitTests.csproj", "{84A856C8-B231-4699-BA84-9DFC4C1FAB25}"
EndProject
Project("{FAE04EC0-301F-11D3-BF4B-00C04F79EFBC}") = "Service.IntegrationTests", "Service.IntegrationTests\Service.IntegrationTests.csproj", "{8326B4B1-21DB-4C64-B3D5-50058BB0DB2C}"
EndProject
Project("{FAE04EC0-301F-11D3-BF4B-00C04F79EFBC}") = "API.IntegrationTests", "API.IntegrationTests\API.IntegrationTests.csproj", "{D2055234-D5FF-4266-8AFF-60723A33F3F1}"
EndProject
Project("{FAE04EC0-301F-11D3-BF4B-00C04F79EFBC}") = "Persistence.UnitTests", "Persistence.UnitTests\Persistence.UnitTests.csproj", "{0EB839E9-41A8-448D-ADA6-C90E91E84499}"
EndProject
Project("{FAE04EC0-301F-11D3-BF4B-00C04F79EFBC}") = "Persistence.IntegrationTests", "Persistence.IntegrationTests\Persistence.IntegrationTests.csproj", "{8D02F573-CF1B-4DB8-835D-08499B4E6E4B}"
EndProject
Global
	GlobalSection(SolutionConfigurationPlatforms) = preSolution
		Debug|Any CPU = Debug|Any CPU
		Development|Any CPU = Development|Any CPU
		Localhost|Any CPU = Localhost|Any CPU
		Release|Any CPU = Release|Any CPU
	EndGlobalSection
	GlobalSection(ProjectConfigurationPlatforms) = postSolution
		{88EDE0CB-EC9B-44FF-BF04-A6F7CF0729CE}.Debug|Any CPU.ActiveCfg = Debug|Any CPU
		{88EDE0CB-EC9B-44FF-BF04-A6F7CF0729CE}.Debug|Any CPU.Build.0 = Debug|Any CPU
		{88EDE0CB-EC9B-44FF-BF04-A6F7CF0729CE}.Development|Any CPU.ActiveCfg = Debug|Any CPU
		{88EDE0CB-EC9B-44FF-BF04-A6F7CF0729CE}.Development|Any CPU.Build.0 = Debug|Any CPU
		{88EDE0CB-EC9B-44FF-BF04-A6F7CF0729CE}.Localhost|Any CPU.ActiveCfg = Debug|Any CPU
		{88EDE0CB-EC9B-44FF-BF04-A6F7CF0729CE}.Localhost|Any CPU.Build.0 = Debug|Any CPU
		{88EDE0CB-EC9B-44FF-BF04-A6F7CF0729CE}.Release|Any CPU.ActiveCfg = Release|Any CPU
		{88EDE0CB-EC9B-44FF-BF04-A6F7CF0729CE}.Release|Any CPU.Build.0 = Release|Any CPU
		{4A8AACD7-6153-486B-95A2-DCB191A285DC}.Debug|Any CPU.ActiveCfg = Debug|Any CPU
		{4A8AACD7-6153-486B-95A2-DCB191A285DC}.Debug|Any CPU.Build.0 = Debug|Any CPU
		{4A8AACD7-6153-486B-95A2-DCB191A285DC}.Development|Any CPU.ActiveCfg = Debug|Any CPU
		{4A8AACD7-6153-486B-95A2-DCB191A285DC}.Development|Any CPU.Build.0 = Debug|Any CPU
		{4A8AACD7-6153-486B-95A2-DCB191A285DC}.Localhost|Any CPU.ActiveCfg = Debug|Any CPU
		{4A8AACD7-6153-486B-95A2-DCB191A285DC}.Localhost|Any CPU.Build.0 = Debug|Any CPU
		{4A8AACD7-6153-486B-95A2-DCB191A285DC}.Release|Any CPU.ActiveCfg = Release|Any CPU
		{4A8AACD7-6153-486B-95A2-DCB191A285DC}.Release|Any CPU.Build.0 = Release|Any CPU
		{B71D074D-31C8-476A-8533-AC60981DADB4}.Debug|Any CPU.ActiveCfg = Debug|Any CPU
		{B71D074D-31C8-476A-8533-AC60981DADB4}.Debug|Any CPU.Build.0 = Debug|Any CPU
		{B71D074D-31C8-476A-8533-AC60981DADB4}.Development|Any CPU.ActiveCfg = Debug|Any CPU
		{B71D074D-31C8-476A-8533-AC60981DADB4}.Development|Any CPU.Build.0 = Debug|Any CPU
		{B71D074D-31C8-476A-8533-AC60981DADB4}.Localhost|Any CPU.ActiveCfg = Debug|Any CPU
		{B71D074D-31C8-476A-8533-AC60981DADB4}.Localhost|Any CPU.Build.0 = Debug|Any CPU
		{B71D074D-31C8-476A-8533-AC60981DADB4}.Release|Any CPU.ActiveCfg = Release|Any CPU
		{B71D074D-31C8-476A-8533-AC60981DADB4}.Release|Any CPU.Build.0 = Release|Any CPU
		{81ADDB40-070E-4A0A-BF2A-72563095B6D2}.Debug|Any CPU.ActiveCfg = Debug|Any CPU
		{81ADDB40-070E-4A0A-BF2A-72563095B6D2}.Debug|Any CPU.Build.0 = Debug|Any CPU
		{81ADDB40-070E-4A0A-BF2A-72563095B6D2}.Development|Any CPU.ActiveCfg = Debug|Any CPU
		{81ADDB40-070E-4A0A-BF2A-72563095B6D2}.Development|Any CPU.Build.0 = Debug|Any CPU
		{81ADDB40-070E-4A0A-BF2A-72563095B6D2}.Localhost|Any CPU.ActiveCfg = Debug|Any CPU
		{81ADDB40-070E-4A0A-BF2A-72563095B6D2}.Localhost|Any CPU.Build.0 = Debug|Any CPU
		{81ADDB40-070E-4A0A-BF2A-72563095B6D2}.Release|Any CPU.ActiveCfg = Release|Any CPU
		{81ADDB40-070E-4A0A-BF2A-72563095B6D2}.Release|Any CPU.Build.0 = Release|Any CPU
		{54348F1F-5273-409F-AF90-DC2610A07E33}.Debug|Any CPU.ActiveCfg = Debug|Any CPU
		{54348F1F-5273-409F-AF90-DC2610A07E33}.Debug|Any CPU.Build.0 = Debug|Any CPU
		{54348F1F-5273-409F-AF90-DC2610A07E33}.Development|Any CPU.ActiveCfg = Development|Any CPU
		{54348F1F-5273-409F-AF90-DC2610A07E33}.Development|Any CPU.Build.0 = Development|Any CPU
		{54348F1F-5273-409F-AF90-DC2610A07E33}.Localhost|Any CPU.ActiveCfg = Localhost|Any CPU
		{54348F1F-5273-409F-AF90-DC2610A07E33}.Localhost|Any CPU.Build.0 = Localhost|Any CPU
		{54348F1F-5273-409F-AF90-DC2610A07E33}.Release|Any CPU.ActiveCfg = Release|Any CPU
		{54348F1F-5273-409F-AF90-DC2610A07E33}.Release|Any CPU.Build.0 = Release|Any CPU
		{B773E9D2-CBB0-473E-851F-A014F95DFC5F}.Debug|Any CPU.ActiveCfg = Debug|Any CPU
		{B773E9D2-CBB0-473E-851F-A014F95DFC5F}.Debug|Any CPU.Build.0 = Debug|Any CPU
		{B773E9D2-CBB0-473E-851F-A014F95DFC5F}.Development|Any CPU.ActiveCfg = Debug|Any CPU
		{B773E9D2-CBB0-473E-851F-A014F95DFC5F}.Development|Any CPU.Build.0 = Debug|Any CPU
		{B773E9D2-CBB0-473E-851F-A014F95DFC5F}.Localhost|Any CPU.ActiveCfg = Debug|Any CPU
		{B773E9D2-CBB0-473E-851F-A014F95DFC5F}.Localhost|Any CPU.Build.0 = Debug|Any CPU
		{B773E9D2-CBB0-473E-851F-A014F95DFC5F}.Release|Any CPU.ActiveCfg = Release|Any CPU
		{B773E9D2-CBB0-473E-851F-A014F95DFC5F}.Release|Any CPU.Build.0 = Release|Any CPU
		{87D65369-C527-4E58-950C-107CFEAA499C}.Debug|Any CPU.ActiveCfg = Debug|Any CPU
		{87D65369-C527-4E58-950C-107CFEAA499C}.Debug|Any CPU.Build.0 = Debug|Any CPU
		{87D65369-C527-4E58-950C-107CFEAA499C}.Development|Any CPU.ActiveCfg = Debug|Any CPU
		{87D65369-C527-4E58-950C-107CFEAA499C}.Development|Any CPU.Build.0 = Debug|Any CPU
		{87D65369-C527-4E58-950C-107CFEAA499C}.Localhost|Any CPU.ActiveCfg = Debug|Any CPU
		{87D65369-C527-4E58-950C-107CFEAA499C}.Localhost|Any CPU.Build.0 = Debug|Any CPU
		{87D65369-C527-4E58-950C-107CFEAA499C}.Release|Any CPU.ActiveCfg = Release|Any CPU
		{87D65369-C527-4E58-950C-107CFEAA499C}.Release|Any CPU.Build.0 = Release|Any CPU
		{769E2D68-EBCA-45E1-86DD-08A53C6AF19D}.Debug|Any CPU.ActiveCfg = Debug|Any CPU
		{769E2D68-EBCA-45E1-86DD-08A53C6AF19D}.Debug|Any CPU.Build.0 = Debug|Any CPU
		{769E2D68-EBCA-45E1-86DD-08A53C6AF19D}.Development|Any CPU.ActiveCfg = Debug|Any CPU
		{769E2D68-EBCA-45E1-86DD-08A53C6AF19D}.Development|Any CPU.Build.0 = Debug|Any CPU
		{769E2D68-EBCA-45E1-86DD-08A53C6AF19D}.Localhost|Any CPU.ActiveCfg = Debug|Any CPU
		{769E2D68-EBCA-45E1-86DD-08A53C6AF19D}.Localhost|Any CPU.Build.0 = Debug|Any CPU
		{769E2D68-EBCA-45E1-86DD-08A53C6AF19D}.Release|Any CPU.ActiveCfg = Release|Any CPU
		{769E2D68-EBCA-45E1-86DD-08A53C6AF19D}.Release|Any CPU.Build.0 = Release|Any CPU
		{84A856C8-B231-4699-BA84-9DFC4C1FAB25}.Debug|Any CPU.ActiveCfg = Debug|Any CPU
		{84A856C8-B231-4699-BA84-9DFC4C1FAB25}.Debug|Any CPU.Build.0 = Debug|Any CPU
		{84A856C8-B231-4699-BA84-9DFC4C1FAB25}.Development|Any CPU.ActiveCfg = Debug|Any CPU
		{84A856C8-B231-4699-BA84-9DFC4C1FAB25}.Development|Any CPU.Build.0 = Debug|Any CPU
		{84A856C8-B231-4699-BA84-9DFC4C1FAB25}.Localhost|Any CPU.ActiveCfg = Debug|Any CPU
		{84A856C8-B231-4699-BA84-9DFC4C1FAB25}.Localhost|Any CPU.Build.0 = Debug|Any CPU
		{84A856C8-B231-4699-BA84-9DFC4C1FAB25}.Release|Any CPU.ActiveCfg = Release|Any CPU
		{84A856C8-B231-4699-BA84-9DFC4C1FAB25}.Release|Any CPU.Build.0 = Release|Any CPU
		{8326B4B1-21DB-4C64-B3D5-50058BB0DB2C}.Debug|Any CPU.ActiveCfg = Debug|Any CPU
		{8326B4B1-21DB-4C64-B3D5-50058BB0DB2C}.Debug|Any CPU.Build.0 = Debug|Any CPU
		{8326B4B1-21DB-4C64-B3D5-50058BB0DB2C}.Development|Any CPU.ActiveCfg = Debug|Any CPU
		{8326B4B1-21DB-4C64-B3D5-50058BB0DB2C}.Development|Any CPU.Build.0 = Debug|Any CPU
		{8326B4B1-21DB-4C64-B3D5-50058BB0DB2C}.Localhost|Any CPU.ActiveCfg = Debug|Any CPU
		{8326B4B1-21DB-4C64-B3D5-50058BB0DB2C}.Localhost|Any CPU.Build.0 = Debug|Any CPU
		{8326B4B1-21DB-4C64-B3D5-50058BB0DB2C}.Release|Any CPU.ActiveCfg = Release|Any CPU
		{8326B4B1-21DB-4C64-B3D5-50058BB0DB2C}.Release|Any CPU.Build.0 = Release|Any CPU
		{D2055234-D5FF-4266-8AFF-60723A33F3F1}.Debug|Any CPU.ActiveCfg = Debug|Any CPU
		{D2055234-D5FF-4266-8AFF-60723A33F3F1}.Debug|Any CPU.Build.0 = Debug|Any CPU
		{D2055234-D5FF-4266-8AFF-60723A33F3F1}.Development|Any CPU.ActiveCfg = Debug|Any CPU
		{D2055234-D5FF-4266-8AFF-60723A33F3F1}.Development|Any CPU.Build.0 = Debug|Any CPU
		{D2055234-D5FF-4266-8AFF-60723A33F3F1}.Localhost|Any CPU.ActiveCfg = Debug|Any CPU
		{D2055234-D5FF-4266-8AFF-60723A33F3F1}.Localhost|Any CPU.Build.0 = Debug|Any CPU
		{D2055234-D5FF-4266-8AFF-60723A33F3F1}.Release|Any CPU.ActiveCfg = Release|Any CPU
		{D2055234-D5FF-4266-8AFF-60723A33F3F1}.Release|Any CPU.Build.0 = Release|Any CPU
		{0EB839E9-41A8-448D-ADA6-C90E91E84499}.Debug|Any CPU.ActiveCfg = Debug|Any CPU
		{0EB839E9-41A8-448D-ADA6-C90E91E84499}.Debug|Any CPU.Build.0 = Debug|Any CPU
		{0EB839E9-41A8-448D-ADA6-C90E91E84499}.Development|Any CPU.ActiveCfg = Debug|Any CPU
		{0EB839E9-41A8-448D-ADA6-C90E91E84499}.Development|Any CPU.Build.0 = Debug|Any CPU
		{0EB839E9-41A8-448D-ADA6-C90E91E84499}.Localhost|Any CPU.ActiveCfg = Debug|Any CPU
		{0EB839E9-41A8-448D-ADA6-C90E91E84499}.Localhost|Any CPU.Build.0 = Debug|Any CPU
		{0EB839E9-41A8-448D-ADA6-C90E91E84499}.Release|Any CPU.ActiveCfg = Release|Any CPU
		{0EB839E9-41A8-448D-ADA6-C90E91E84499}.Release|Any CPU.Build.0 = Release|Any CPU
		{8D02F573-CF1B-4DB8-835D-08499B4E6E4B}.Debug|Any CPU.ActiveCfg = Debug|Any CPU
		{8D02F573-CF1B-4DB8-835D-08499B4E6E4B}.Debug|Any CPU.Build.0 = Debug|Any CPU
		{8D02F573-CF1B-4DB8-835D-08499B4E6E4B}.Development|Any CPU.ActiveCfg = Debug|Any CPU
		{8D02F573-CF1B-4DB8-835D-08499B4E6E4B}.Development|Any CPU.Build.0 = Debug|Any CPU
		{8D02F573-CF1B-4DB8-835D-08499B4E6E4B}.Localhost|Any CPU.ActiveCfg = Debug|Any CPU
		{8D02F573-CF1B-4DB8-835D-08499B4E6E4B}.Localhost|Any CPU.Build.0 = Debug|Any CPU
		{8D02F573-CF1B-4DB8-835D-08499B4E6E4B}.Release|Any CPU.ActiveCfg = Release|Any CPU
		{8D02F573-CF1B-4DB8-835D-08499B4E6E4B}.Release|Any CPU.Build.0 = Release|Any CPU
	EndGlobalSection
	GlobalSection(SolutionProperties) = preSolution
		HideSolutionNode = FALSE
	EndGlobalSection
	GlobalSection(NestedProjects) = preSolution
		{88EDE0CB-EC9B-44FF-BF04-A6F7CF0729CE} = {D5E9F3D6-129D-4DF4-993A-5AEB3DDE1A2F}
		{4A8AACD7-6153-486B-95A2-DCB191A285DC} = {D5E9F3D6-129D-4DF4-993A-5AEB3DDE1A2F}
		{B71D074D-31C8-476A-8533-AC60981DADB4} = {D5E9F3D6-129D-4DF4-993A-5AEB3DDE1A2F}
		{81ADDB40-070E-4A0A-BF2A-72563095B6D2} = {D5E9F3D6-129D-4DF4-993A-5AEB3DDE1A2F}
		{54348F1F-5273-409F-AF90-DC2610A07E33} = {D5E9F3D6-129D-4DF4-993A-5AEB3DDE1A2F}
		{B773E9D2-CBB0-473E-851F-A014F95DFC5F} = {D5E9F3D6-129D-4DF4-993A-5AEB3DDE1A2F}
		{87D65369-C527-4E58-950C-107CFEAA499C} = {AF7E101B-443B-477E-AA8A-07F24F87CB2F}
		{769E2D68-EBCA-45E1-86DD-08A53C6AF19D} = {AF7E101B-443B-477E-AA8A-07F24F87CB2F}
		{84A856C8-B231-4699-BA84-9DFC4C1FAB25} = {AF7E101B-443B-477E-AA8A-07F24F87CB2F}
		{8326B4B1-21DB-4C64-B3D5-50058BB0DB2C} = {AF7E101B-443B-477E-AA8A-07F24F87CB2F}
		{D2055234-D5FF-4266-8AFF-60723A33F3F1} = {AF7E101B-443B-477E-AA8A-07F24F87CB2F}
		{0EB839E9-41A8-448D-ADA6-C90E91E84499} = {AF7E101B-443B-477E-AA8A-07F24F87CB2F}
		{8D02F573-CF1B-4DB8-835D-08499B4E6E4B} = {AF7E101B-443B-477E-AA8A-07F24F87CB2F}
	EndGlobalSection
	GlobalSection(ExtensibilityGlobals) = postSolution
		SolutionGuid = {D80565B2-0822-4E84-A85A-AAD65662DE72}
	EndGlobalSection
EndGlobal
